# This file is automatically @generated by Cargo.
# It is not intended for manual editing.
version = 4

[[package]]
name = "check_prompt_size"
version = "0.1.0"

[[package]]
name = "filter_files_singular"
version = "0.1.0"

[[package]]
name = "filter_substring_markers"
version = "0.1.0"

[[package]]
name = "log_file_sizes"
version = "0.1.0"
